// !$*UTF8*$!
{
	archiveVersion = 1;
	classes = {
	};
	objectVersion = 50;
	objects = {

/* Begin PBXBuildFile section */
		BFD10C6F2379E7EB00FDDA9C /* AppDelegate.swift in Sources */ = {isa = PBXBuildFile; fileRef = BFD10C6E2379E7EB00FDDA9C /* AppDelegate.swift */; };
		BFD10C712379E7EB00FDDA9C /* ViewController.swift in Sources */ = {isa = PBXBuildFile; fileRef = BFD10C702379E7EB00FDDA9C /* ViewController.swift */; };
		BFD10C732379E7EB00FDDA9C /* Experience.rcproject in Sources */ = {isa = PBXBuildFile; fileRef = BFD10C722379E7EB00FDDA9C /* Experience.rcproject */; };
		BFD10C762379E7EB00FDDA9C /* Main.storyboard in Resources */ = {isa = PBXBuildFile; fileRef = BFD10C742379E7EB00FDDA9C /* Main.storyboard */; };
		BFD10C782379E7EB00FDDA9C /* Assets.xcassets in Resources */ = {isa = PBXBuildFile; fileRef = BFD10C772379E7EB00FDDA9C /* Assets.xcassets */; };
		BFD10C7B2379E7EB00FDDA9C /* LaunchScreen.storyboard in Resources */ = {isa = PBXBuildFile; fileRef = BFD10C792379E7EB00FDDA9C /* LaunchScreen.storyboard */; };
/* End PBXBuildFile section */

/* Begin PBXFileReference section */
		BFD10C6B2379E7EB00FDDA9C /* negroniChallenge.app */ = {isa = PBXFileReference; explicitFileType = wrapper.application; includeInIndex = 0; path = negroniChallenge.app; sourceTree = BUILT_PRODUCTS_DIR; };
		BFD10C6E2379E7EB00FDDA9C /* AppDelegate.swift */ = {isa = PBXFileReference; lastKnownFileType = sourcecode.swift; path = AppDelegate.swift; sourceTree = "<group>"; };
		BFD10C702379E7EB00FDDA9C /* ViewController.swift */ = {isa = PBXFileReference; lastKnownFileType = sourcecode.swift; path = ViewController.swift; sourceTree = "<group>"; };
		BFD10C722379E7EB00FDDA9C /* Experience.rcproject */ = {isa = PBXFileReference; lastKnownFileType = file.rcproject; path = Experience.rcproject; sourceTree = "<group>"; };
		BFD10C752379E7EB00FDDA9C /* Base */ = {isa = PBXFileReference; lastKnownFileType = file.storyboard; name = Base; path = Base.lproj/Main.storyboard; sourceTree = "<group>"; };
		BFD10C772379E7EB00FDDA9C /* Assets.xcassets */ = {isa = PBXFileReference; lastKnownFileType = folder.assetcatalog; path = Assets.xcassets; sourceTree = "<group>"; };
		BFD10C7A2379E7EB00FDDA9C /* Base */ = {isa = PBXFileReference; lastKnownFileType = file.storyboard; name = Base; path = Base.lproj/LaunchScreen.storyboard; sourceTree = "<group>"; };
		BFD10C7C2379E7EB00FDDA9C /* Info.plist */ = {isa = PBXFileReference; lastKnownFileType = text.plist.xml; path = Info.plist; sourceTree = "<group>"; };
/* End PBXFileReference section */

/* Begin PBXFrameworksBuildPhase section */
		BFD10C682379E7EB00FDDA9C /* Frameworks */ = {
			isa = PBXFrameworksBuildPhase;
			buildActionMask = 2147483647;
			files = (
			);
			runOnlyForDeploymentPostprocessing = 0;
		};
/* End PBXFrameworksBuildPhase section */

/* Begin PBXGroup section */
		BFD10C622379E7EB00FDDA9C = {
			isa = PBXGroup;
			children = (
				BFD10C6D2379E7EB00FDDA9C /* negroniChallenge */,
				BFD10C6C2379E7EB00FDDA9C /* Products */,
			);
			sourceTree = "<group>";
		};
		BFD10C6C2379E7EB00FDDA9C /* Products */ = {
			isa = PBXGroup;
			children = (
				BFD10C6B2379E7EB00FDDA9C /* negroniChallenge.app */,
			);
			name = Products;
			sourceTree = "<group>";
		};
		BFD10C6D2379E7EB00FDDA9C /* negroniChallenge */ = {
			isa = PBXGroup;
			children = (
				BFD10C6E2379E7EB00FDDA9C /* AppDelegate.swift */,
				BFD10C702379E7EB00FDDA9C /* ViewController.swift */,
				BFD10C722379E7EB00FDDA9C /* Experience.rcproject */,
				BFD10C742379E7EB00FDDA9C /* Main.storyboard */,
				BFD10C772379E7EB00FDDA9C /* Assets.xcassets */,
				BFD10C792379E7EB00FDDA9C /* LaunchScreen.storyboard */,
				BFD10C7C2379E7EB00FDDA9C /* Info.plist */,
			);
			path = negroniChallenge;
			sourceTree = "<group>";
		};
/* End PBXGroup section */

/* Begin PBXNativeTarget section */
		BFD10C6A2379E7EB00FDDA9C /* negroniChallenge */ = {
			isa = PBXNativeTarget;
			buildConfigurationList = BFD10C7F2379E7EB00FDDA9C /* Build configuration list for PBXNativeTarget "negroniChallenge" */;
			buildPhases = (
				BFD10C672379E7EB00FDDA9C /* Sources */,
				BFD10C682379E7EB00FDDA9C /* Frameworks */,
				BFD10C692379E7EB00FDDA9C /* Resources */,
			);
			buildRules = (
			);
			dependencies = (
			);
			name = negroniChallenge;
			productName = negroniChallenge;
			productReference = BFD10C6B2379E7EB00FDDA9C /* negroniChallenge.app */;
			productType = "com.apple.product-type.application";
		};
/* End PBXNativeTarget section */

/* Begin PBXProject section */
		BFD10C632379E7EB00FDDA9C /* Project object */ = {
			isa = PBXProject;
			attributes = {
				LastSwiftUpdateCheck = 1120;
				LastUpgradeCheck = 1120;
				ORGANIZATIONNAME = "Julian Brendel";
				TargetAttributes = {
					BFD10C6A2379E7EB00FDDA9C = {
						CreatedOnToolsVersion = 11.2;
					};
				};
			};
			buildConfigurationList = BFD10C662379E7EB00FDDA9C /* Build configuration list for PBXProject "negroniChallenge" */;
			compatibilityVersion = "Xcode 9.3";
			developmentRegion = en;
			hasScannedForEncodings = 0;
			knownRegions = (
				en,
				Base,
			);
			mainGroup = BFD10C622379E7EB00FDDA9C;
			productRefGroup = BFD10C6C2379E7EB00FDDA9C /* Products */;
			projectDirPath = "";
			projectRoot = "";
			targets = (
				BFD10C6A2379E7EB00FDDA9C /* negroniChallenge */,
			);
		};
/* End PBXProject section */

/* Begin PBXResourcesBuildPhase section */
		BFD10C692379E7EB00FDDA9C /* Resources */ = {
			isa = PBXResourcesBuildPhase;
			buildActionMask = 2147483647;
			files = (
				BFD10C7B2379E7EB00FDDA9C /* LaunchScreen.storyboard in Resources */,
				BFD10C782379E7EB00FDDA9C /* Assets.xcassets in Resources */,
				BFD10C762379E7EB00FDDA9C /* Main.storyboard in Resources */,
			);
			runOnlyForDeploymentPostprocessing = 0;
		};
/* End PBXResourcesBuildPhase section */

/* Begin PBXSourcesBuildPhase section */
		BFD10C672379E7EB00FDDA9C /* Sources */ = {
			isa = PBXSourcesBuildPhase;
			buildActionMask = 2147483647;
			files = (
				BFD10C712379E7EB00FDDA9C /* ViewController.swift in Sources */,
				BFD10C6F2379E7EB00FDDA9C /* AppDelegate.swift in Sources */,
				BFD10C732379E7EB00FDDA9C /* Experience.rcproject in Sources */,
			);
			runOnlyForDeploymentPostprocessing = 0;
		};
/* End PBXSourcesBuildPhase section */

/* Begin PBXVariantGroup section */
		BFD10C742379E7EB00FDDA9C /* Main.storyboard */ = {
			isa = PBXVariantGroup;
			children = (
				BFD10C752379E7EB00FDDA9C /* Base */,
			);
			name = Main.storyboard;
			sourceTree = "<group>";
		};
		BFD10C792379E7EB00FDDA9C /* LaunchScreen.storyboard */ = {
			isa = PBXVariantGroup;
			children = (
				BFD10C7A2379E7EB00FDDA9C /* Base */,
			);
			name = LaunchScreen.storyboard;
			sourceTree = "<group>";
		};
/* End PBXVariantGroup section */

/* Begin XCBuildConfiguration section */
		BFD10C7D2379E7EB00FDDA9C /* Debug */ = {
			isa = XCBuildConfiguration;
			buildSettings = {
				ALWAYS_SEARCH_USER_PATHS = NO;
				CLANG_ANALYZER_NONNULL = YES;
				CLANG_ANALYZER_NUMBER_OBJECT_CONVERSION = YES_AGGRESSIVE;
				CLANG_CXX_LANGUAGE_STANDARD = "gnu++14";
				CLANG_CXX_LIBRARY = "libc++";
				CLANG_ENABLE_MODULES = YES;
				CLANG_ENABLE_OBJC_ARC = YES;
				CLANG_ENABLE_OBJC_WEAK = YES;
				CLANG_WARN_BLOCK_CAPTURE_AUTORELEASING = YES;
				CLANG_WARN_BOOL_CONVERSION = YES;
				CLANG_WARN_COMMA = YES;
				CLANG_WARN_CONSTANT_CONVERSION = YES;
				CLANG_WARN_DEPRECATED_OBJC_IMPLEMENTATIONS = YES;
				CLANG_WARN_DIRECT_OBJC_ISA_USAGE = YES_ERROR;
				CLANG_WARN_DOCUMENTATION_COMMENTS = YES;
				CLANG_WARN_EMPTY_BODY = YES;
				CLANG_WARN_ENUM_CONVERSION = YES;
				CLANG_WARN_INFINITE_RECURSION = YES;
				CLANG_WARN_INT_CONVERSION = YES;
				CLANG_WARN_NON_LITERAL_NULL_CONVERSION = YES;
				CLANG_WARN_OBJC_IMPLICIT_RETAIN_SELF = YES;
				CLANG_WARN_OBJC_LITERAL_CONVERSION = YES;
				CLANG_WARN_OBJC_ROOT_CLASS = YES_ERROR;
				CLANG_WARN_RANGE_LOOP_ANALYSIS = YES;
				CLANG_WARN_STRICT_PROTOTYPES = YES;
				CLANG_WARN_SUSPICIOUS_MOVE = YES;
				CLANG_WARN_UNGUARDED_AVAILABILITY = YES_AGGRESSIVE;
				CLANG_WARN_UNREACHABLE_CODE = YES;
				CLANG_WARN__DUPLICATE_METHOD_MATCH = YES;
				COPY_PHASE_STRIP = NO;
				DEBUG_INFORMATION_FORMAT = dwarf;
				ENABLE_STRICT_OBJC_MSGSEND = YES;
				ENABLE_TESTABILITY = YES;
				GCC_C_LANGUAGE_STANDARD = gnu11;
				GCC_DYNAMIC_NO_PIC = NO;
				GCC_NO_COMMON_BLOCKS = YES;
				GCC_OPTIMIZATION_LEVEL = 0;
				GCC_PREPROCESSOR_DEFINITIONS = (
					"DEBUG=1",
					"$(inherited)",
				);
				GCC_WARN_64_TO_32_BIT_CONVERSION = YES;
				GCC_WARN_ABOUT_RETURN_TYPE = YES_ERROR;
				GCC_WARN_UNDECLARED_SELECTOR = YES;
				GCC_WARN_UNINITIALIZED_AUTOS = YES_AGGRESSIVE;
				GCC_WARN_UNUSED_FUNCTION = YES;
				GCC_WARN_UNUSED_VARIABLE = YES;
				IPHONEOS_DEPLOYMENT_TARGET = 13.2;
				MTL_ENABLE_DEBUG_INFO = INCLUDE_SOURCE;
				MTL_FAST_MATH = YES;
				ONLY_ACTIVE_ARCH = YES;
				SDKROOT = iphoneos;
				SWIFT_ACTIVE_COMPILATION_CONDITIONS = DEBUG;
				SWIFT_OPTIMIZATION_LEVEL = "-Onone";
			};
			name = Debug;
		};
		BFD10C7E2379E7EB00FDDA9C /* Release */ = {
			isa = XCBuildConfiguration;
			buildSettings = {
				ALWAYS_SEARCH_USER_PATHS = NO;
				CLANG_ANALYZER_NONNULL = YES;
				CLANG_ANALYZER_NUMBER_OBJECT_CONVERSION = YES_AGGRESSIVE;
				CLANG_CXX_LANGUAGE_STANDARD = "gnu++14";
				CLANG_CXX_LIBRARY = "libc++";
				CLANG_ENABLE_MODULES = YES;
				CLANG_ENABLE_OBJC_ARC = YES;
				CLANG_ENABLE_OBJC_WEAK = YES;
				CLANG_WARN_BLOCK_CAPTURE_AUTORELEASING = YES;
				CLANG_WARN_BOOL_CONVERSION = YES;
				CLANG_WARN_COMMA = YES;
				CLANG_WARN_CONSTANT_CONVERSION = YES;
				CLANG_WARN_DEPRECATED_OBJC_IMPLEMENTATIONS = YES;
				CLANG_WARN_DIRECT_OBJC_ISA_USAGE = YES_ERROR;
				CLANG_WARN_DOCUMENTATION_COMMENTS = YES;
				CLANG_WARN_EMPTY_BODY = YES;
				CLANG_WARN_ENUM_CONVERSION = YES;
				CLANG_WARN_INFINITE_RECURSION = YES;
				CLANG_WARN_INT_CONVERSION = YES;
				CLANG_WARN_NON_LITERAL_NULL_CONVERSION = YES;
				CLANG_WARN_OBJC_IMPLICIT_RETAIN_SELF = YES;
				CLANG_WARN_OBJC_LITERAL_CONVERSION = YES;
				CLANG_WARN_OBJC_ROOT_CLASS = YES_ERROR;
				CLANG_WARN_RANGE_LOOP_ANALYSIS = YES;
				CLANG_WARN_STRICT_PROTOTYPES = YES;
				CLANG_WARN_SUSPICIOUS_MOVE = YES;
				CLANG_WARN_UNGUARDED_AVAILABILITY = YES_AGGRESSIVE;
				CLANG_WARN_UNREACHABLE_CODE = YES;
				CLANG_WARN__DUPLICATE_METHOD_MATCH = YES;
				COPY_PHASE_STRIP = NO;
				DEBUG_INFORMATION_FORMAT = "dwarf-with-dsym";
				ENABLE_NS_ASSERTIONS = NO;
				ENABLE_STRICT_OBJC_MSGSEND = YES;
				GCC_C_LANGUAGE_STANDARD = gnu11;
				GCC_NO_COMMON_BLOCKS = YES;
				GCC_WARN_64_TO_32_BIT_CONVERSION = YES;
				GCC_WARN_ABOUT_RETURN_TYPE = YES_ERROR;
				GCC_WARN_UNDECLARED_SELECTOR = YES;
				GCC_WARN_UNINITIALIZED_AUTOS = YES_AGGRESSIVE;
				GCC_WARN_UNUSED_FUNCTION = YES;
				GCC_WARN_UNUSED_VARIABLE = YES;
				IPHONEOS_DEPLOYMENT_TARGET = 13.2;
				MTL_ENABLE_DEBUG_INFO = NO;
				MTL_FAST_MATH = YES;
				SDKROOT = iphoneos;
				SWIFT_COMPILATION_MODE = wholemodule;
				SWIFT_OPTIMIZATION_LEVEL = "-O";
				VALIDATE_PRODUCT = YES;
			};
			name = Release;
		};
		BFD10C802379E7EB00FDDA9C /* Debug */ = {
			isa = XCBuildConfiguration;
			buildSettings = {
				ASSETCATALOG_COMPILER_APPICON_NAME = AppIcon;
				CODE_SIGN_STYLE = Automatic;
				DEVELOPMENT_TEAM = PWPJJ85QWT;
				INFOPLIST_FILE = negroniChallenge/Info.plist;
				LD_RUNPATH_SEARCH_PATHS = (
					"$(inherited)",
					"@executable_path/Frameworks",
				);
				PRODUCT_BUNDLE_IDENTIFIER = meow.negroniChallenge;
				PRODUCT_NAME = "$(TARGET_NAME)";
				SWIFT_VERSION = 5.0;
				TARGETED_DEVICE_FAMILY = "1,2";
			};
			name = Debug;
		};
		BFD10C812379E7EB00FDDA9C /* Release */ = {
			isa = XCBuildConfiguration;
			buildSettings = {
				ASSETCATALOG_COMPILER_APPICON_NAME = AppIcon;
				CODE_SIGN_STYLE = Automatic;
				DEVELOPMENT_TEAM = PWPJJ85QWT;
				INFOPLIST_FILE = negroniChallenge/Info.plist;
				LD_RUNPATH_SEARCH_PATHS = (
					"$(inherited)",
					"@executable_path/Frameworks",
				);
				PRODUCT_BUNDLE_IDENTIFIER = meow.negroniChallenge;
				PRODUCT_NAME = "$(TARGET_NAME)";
				SWIFT_VERSION = 5.0;
				TARGETED_DEVICE_FAMILY = "1,2";
			};
			name = Release;
		};
/* End XCBuildConfiguration section */

/* Begin XCConfigurationList section */
		BFD10C662379E7EB00FDDA9C /* Build configuration list for PBXProject "negroniChallenge" */ = {
			isa = XCConfigurationList;
			buildConfigurations = (
				BFD10C7D2379E7EB00FDDA9C /* Debug */,
				BFD10C7E2379E7EB00FDDA9C /* Release */,
			);
			defaultConfigurationIsVisible = 0;
			defaultConfigurationName = Release;
		};
		BFD10C7F2379E7EB00FDDA9C /* Build configuration list for PBXNativeTarget "negroniChallenge" */ = {
			isa = XCConfigurationList;
			buildConfigurations = (
				BFD10C802379E7EB00FDDA9C /* Debug */,
				BFD10C812379E7EB00FDDA9C /* Release */,
			);
			defaultConfigurationIsVisible = 0;
			defaultConfigurationName = Release;
		};
/* End XCConfigurationList section */
	};
	rootObject = BFD10C632379E7EB00FDDA9C /* Project object */;
}
